
Microsoft Visual Studio Solution File, Format Version 12.00
# Visual Studio Version 17
VisualStudioVersion = 17.0.31903.59
MinimumVisualStudioVersion = 10.0.40219.1
Project("{FAE04EC0-301F-11D3-BF4B-00C04F79EFBC}") = "etrade-core.api", "etrade-core.api\etrade-core.api.csproj", "{FD690AF5-1628-44E6-AF04-E22507407F76}"
EndProject
Project("{FAE04EC0-301F-11D3-BF4B-00C04F79EFBC}") = "etrade-core.domain", "etrade-core.domain\etrade-core.domain.csproj", "{941ACAD7-565A-4903-A248-AE57841F8E47}"
EndProject
Project("{FAE04EC0-301F-11D3-BF4B-00C04F79EFBC}") = "etrade-core.persistence", "etrade-core.persistence\etrade-core.persistence.csproj", "{49EBD6C3-C187-470F-BDFB-B4C78A7334DF}"
EndProject
Global
	GlobalSection(SolutionConfigurationPlatforms) = preSolution
		Debug|Any CPU = Debug|Any CPU
		Debug|x64 = Debug|x64
		Debug|x86 = Debug|x86
		Release|Any CPU = Release|Any CPU
		Release|x64 = Release|x64
		Release|x86 = Release|x86
	EndGlobalSection
	GlobalSection(ProjectConfigurationPlatforms) = postSolution
		{FD690AF5-1628-44E6-AF04-E22507407F76}.Debug|Any CPU.ActiveCfg = Debug|Any CPU
		{FD690AF5-1628-44E6-AF04-E22507407F76}.Debug|Any CPU.Build.0 = Debug|Any CPU
		{FD690AF5-1628-44E6-AF04-E22507407F76}.Debug|x64.ActiveCfg = Debug|Any CPU
		{FD690AF5-1628-44E6-AF04-E22507407F76}.Debug|x64.Build.0 = Debug|Any CPU
		{FD690AF5-1628-44E6-AF04-E22507407F76}.Debug|x86.ActiveCfg = Debug|Any CPU
		{FD690AF5-1628-44E6-AF04-E22507407F76}.Debug|x86.Build.0 = Debug|Any CPU
		{FD690AF5-1628-44E6-AF04-E22507407F76}.Release|Any CPU.ActiveCfg = Release|Any CPU
		{FD690AF5-1628-44E6-AF04-E22507407F76}.Release|Any CPU.Build.0 = Release|Any CPU
		{FD690AF5-1628-44E6-AF04-E22507407F76}.Release|x64.ActiveCfg = Release|Any CPU
		{FD690AF5-1628-44E6-AF04-E22507407F76}.Release|x64.Build.0 = Release|Any CPU
		{FD690AF5-1628-44E6-AF04-E22507407F76}.Release|x86.ActiveCfg = Release|Any CPU
		{FD690AF5-1628-44E6-AF04-E22507407F76}.Release|x86.Build.0 = Release|Any CPU
		{941ACAD7-565A-4903-A248-AE57841F8E47}.Debug|Any CPU.ActiveCfg = Debug|Any CPU
		{941ACAD7-565A-4903-A248-AE57841F8E47}.Debug|Any CPU.Build.0 = Debug|Any CPU
		{941ACAD7-565A-4903-A248-AE57841F8E47}.Debug|x64.ActiveCfg = Debug|Any CPU
		{941ACAD7-565A-4903-A248-AE57841F8E47}.Debug|x64.Build.0 = Debug|Any CPU
		{941ACAD7-565A-4903-A248-AE57841F8E47}.Debug|x86.ActiveCfg = Debug|Any CPU
		{941ACAD7-565A-4903-A248-AE57841F8E47}.Debug|x86.Build.0 = Debug|Any CPU
		{941ACAD7-565A-4903-A248-AE57841F8E47}.Release|Any CPU.ActiveCfg = Release|Any CPU
		{941ACAD7-565A-4903-A248-AE57841F8E47}.Release|Any CPU.Build.0 = Release|Any CPU
		{941ACAD7-565A-4903-A248-AE57841F8E47}.Release|x64.ActiveCfg = Release|Any CPU
		{941ACAD7-565A-4903-A248-AE57841F8E47}.Release|x64.Build.0 = Release|Any CPU
		{941ACAD7-565A-4903-A248-AE57841F8E47}.Release|x86.ActiveCfg = Release|Any CPU
		{941ACAD7-565A-4903-A248-AE57841F8E47}.Release|x86.Build.0 = Release|Any CPU
		{49EBD6C3-C187-470F-BDFB-B4C78A7334DF}.Debug|Any CPU.ActiveCfg = Debug|Any CPU
		{49EBD6C3-C187-470F-BDFB-B4C78A7334DF}.Debug|Any CPU.Build.0 = Debug|Any CPU
		{49EBD6C3-C187-470F-BDFB-B4C78A7334DF}.Debug|x64.ActiveCfg = Debug|Any CPU
		{49EBD6C3-C187-470F-BDFB-B4C78A7334DF}.Debug|x64.Build.0 = Debug|Any CPU
		{49EBD6C3-C187-470F-BDFB-B4C78A7334DF}.Debug|x86.ActiveCfg = Debug|Any CPU
		{49EBD6C3-C187-470F-BDFB-B4C78A7334DF}.Debug|x86.Build.0 = Debug|Any CPU
		{49EBD6C3-C187-470F-BDFB-B4C78A7334DF}.Release|Any CPU.ActiveCfg = Release|Any CPU
		{49EBD6C3-C187-470F-BDFB-B4C78A7334DF}.Release|Any CPU.Build.0 = Release|Any CPU
		{49EBD6C3-C187-470F-BDFB-B4C78A7334DF}.Release|x64.ActiveCfg = Release|Any CPU
		{49EBD6C3-C187-470F-BDFB-B4C78A7334DF}.Release|x64.Build.0 = Release|Any CPU
		{49EBD6C3-C187-470F-BDFB-B4C78A7334DF}.Release|x86.ActiveCfg = Release|Any CPU
		{49EBD6C3-C187-470F-BDFB-B4C78A7334DF}.Release|x86.Build.0 = Release|Any CPU
	EndGlobalSection
	GlobalSection(SolutionProperties) = preSolution
		HideSolutionNode = FALSE
	EndGlobalSection
EndGlobal
